// !$*UTF8*$!
{
	archiveVersion = 1;
	classes = {
	};
	objectVersion = 63;
	objects = {

/* Begin PBXBuildFile section */
		0065E315D0BDE706FC130FE2 /* ROIShaders.metal in Sources */ = {isa = PBXBuildFile; fileRef = 213EAA44EC1916D21C85809A /* ROIShaders.metal */; };
		020B5462D7B127A3E25CFBCA /* MetalKit.framework in Embed Frameworks */ = {isa = PBXBuildFile; fileRef = DC25B80F07AD312F6CAE0AD1 /* MetalKit.framework */; settings = {ATTRIBUTES = (CodeSignOnCopy, RemoveHeadersOnCopy, ); }; };
		05203F6631E3F0F58BA84747 /* PolygonROITool.swift in Sources */ = {isa = PBXBuildFile; fileRef = B617736EFE7B86D9FDE94533 /* PolygonROITool.swift */; };
		08AD607E213021733AFDA407 /* ViewerViewController.swift in Sources */ = {isa = PBXBuildFile; fileRef = CFE6E5013094E8F9E2AC269D /* ViewerViewController.swift */; };
		0A51DF6CDE277380A9148BF1 /* AppDelegate.swift in Sources */ = {isa = PBXBuildFile; fileRef = 382907EC48DD7F5F2D54AEE1 /* AppDelegate.swift */; };
		0F3AB79F7BEEFC6153342A4B /* QuartzCore.framework in Embed Frameworks */ = {isa = PBXBuildFile; fileRef = 2BBA28BE8A60891349DE5C9A /* QuartzCore.framework */; settings = {ATTRIBUTES = (CodeSignOnCopy, RemoveHeadersOnCopy, ); }; };
		15F90ADDF60DF9147B845523 /* DICOMMetadata.swift in Sources */ = {isa = PBXBuildFile; fileRef = DF7F297F9C1C8E36E9ADDEC9 /* DICOMMetadata.swift */; };
		1717009D2293D57D6C03F7A9 /* RTStructureSetParser.swift in Sources */ = {isa = PBXBuildFile; fileRef = 162E6D0BDA44BDCCAF559D11 /* RTStructureSetParser.swift */; };
		1AB0BAAEB2B468B6F43B5788 /* DICOMImageRenderer.swift in Sources */ = {isa = PBXBuildFile; fileRef = 2FF51FB8AFF446BB177DA91C /* DICOMImageRenderer.swift */; };
		1B979FB79EF6F0F8A2519DDA /* QuartzCore.framework in Frameworks */ = {isa = PBXBuildFile; fileRef = 2BBA28BE8A60891349DE5C9A /* QuartzCore.framework */; };
		2447824A48F13D49A2806DB5 /* VolumeRenderingShaders.metal in Sources */ = {isa = PBXBuildFile; fileRef = 9CFAE6B47CE7F2E857D5ABF5 /* VolumeRenderingShaders.metal */; };
		26A44B43AA773B8907E8B310 /* DCMTKBridge.mm in Sources */ = {isa = PBXBuildFile; fileRef = 2505340E22827F5503DC580A /* DCMTKBridge.mm */; };
		281B0F1B30898DB4FB242072 /* DICOMError+Enhanced.swift in Sources */ = {isa = PBXBuildFile; fileRef = 13E0A0B4F0F4423561996756 /* DICOMError+Enhanced.swift */; };
		29AEC1379585CC8E25AE8CB2 /* DICOMGestureHandler.swift in Sources */ = {isa = PBXBuildFile; fileRef = 42A82151C5A1487BE7C53293 /* DICOMGestureHandler.swift */; };
		2A6CA80F5F0EDD13F04B6D90 /* MPRRenderer.swift in Sources */ = {isa = PBXBuildFile; fileRef = 46D206ABA893A5D16CB61388 /* MPRRenderer.swift */; };
		34E2F1A4C6D0F0EDC0EB3060 /* UIKit.framework in Embed Frameworks */ = {isa = PBXBuildFile; fileRef = 88B2B31C2E6659D6BA4D2A54 /* UIKit.framework */; settings = {ATTRIBUTES = (CodeSignOnCopy, RemoveHeadersOnCopy, ); }; };
		35E7CD335455764296462338 /* SceneDelegate.swift in Sources */ = {isa = PBXBuildFile; fileRef = E3E83F14ABB1A6B13A65801B /* SceneDelegate.swift */; };
		3E817759EE713E7889652CCD /* DICOMServiceManager.swift in Sources */ = {isa = PBXBuildFile; fileRef = 6ACB03E13FE148C334412B0F /* DICOMServiceManager.swift */; };
		3FABDCD33E2486877B6E02B8 /* SegmentationRenderer.swift in Sources */ = {isa = PBXBuildFile; fileRef = FB95C10DFFCA103001F38E79 /* SegmentationRenderer.swift */; };
		42E7287B7E685AE6C13AFA0B /* DICOMFileImporter.swift in Sources */ = {isa = PBXBuildFile; fileRef = F542B6017363F19A009FD2EC /* DICOMFileImporter.swift */; };
		45BC46DF96286BB0BEA6F87F /* MetalKit.framework in Frameworks */ = {isa = PBXBuildFile; fileRef = DC25B80F07AD312F6CAE0AD1 /* MetalKit.framework */; };
		460B53E1473A51F51461A0ED /* DICOMStudy.swift in Sources */ = {isa = PBXBuildFile; fileRef = 4D342F2D7B5037BA98753936 /* DICOMStudy.swift */; };
		464231BC4E2930A64D04B459 /* Foundation.framework in Embed Frameworks */ = {isa = PBXBuildFile; fileRef = 18418F45335C5CECC2E65D0C /* Foundation.framework */; settings = {ATTRIBUTES = (CodeSignOnCopy, RemoveHeadersOnCopy, ); }; };
		51C54B00F17BE513C28E6FB5 /* DICOMSegmentationParser.swift in Sources */ = {isa = PBXBuildFile; fileRef = 01452AE6DB17FF409918BE10 /* DICOMSegmentationParser.swift */; };
		5242A62A43D6E900F3F1EF48 /* ROITool.swift in Sources */ = {isa = PBXBuildFile; fileRef = 0F5BEEE44BFAC844489CCFB3 /* ROITool.swift */; };
		52632CCDA770CB416A992680 /* DICOMInstance.swift in Sources */ = {isa = PBXBuildFile; fileRef = 918E69278850B163D5ACC26D /* DICOMInstance.swift */; };
		61F4623CEEC5FB8EA1FB27C2 /* RenderingTests.swift in Sources */ = {isa = PBXBuildFile; fileRef = CE6658D1996648A8DD09E0C8 /* RenderingTests.swift */; };
		64311B12E19CCDA22024F33A /* libdcmimage.a in Resources */ = {isa = PBXBuildFile; fileRef = F03F54DD9D88F607E5FAADB7 /* libdcmimage.a */; };
		64EAAAC6052FFA857E73D377 /* ROIViewController.swift in Sources */ = {isa = PBXBuildFile; fileRef = 1E7F57E057B457605B1513A5 /* ROIViewController.swift */; };
		6639A87063E7033F5E0BC3FC /* libdcmdata.a in Resources */ = {isa = PBXBuildFile; fileRef = E06C3D4CD3085B197B0C6C67 /* libdcmdata.a */; };
		667AD1B15F9BCEEA43A598B0 /* Foundation.framework in Frameworks */ = {isa = PBXBuildFile; fileRef = 18418F45335C5CECC2E65D0C /* Foundation.framework */; };
		68083B44B7BDF7166446D086 /* StudyListViewController.swift in Sources */ = {isa = PBXBuildFile; fileRef = 75C54BDEA2B306044B182A8B /* StudyListViewController.swift */; };
		6A7256D24A421D6CB22C39D9 /* ServiceProtocols.swift in Sources */ = {isa = PBXBuildFile; fileRef = FEDE1524D848B5A18F96FB1D /* ServiceProtocols.swift */; };
		6C246094C207BBC54AE71469 /* DICOMError.swift in Sources */ = {isa = PBXBuildFile; fileRef = B7886FAAACC3F4036ACDE8DC /* DICOMError.swift */; };
		6C8D8924ADB0698710BC4ABB /* Metal.framework in Frameworks */ = {isa = PBXBuildFile; fileRef = 54625880F53384F51EACCBC0 /* Metal.framework */; };
		6DCDFE2C39E28603A59B3D21 /* UIKit.framework in Frameworks */ = {isa = PBXBuildFile; fileRef = 88B2B31C2E6659D6BA4D2A54 /* UIKit.framework */; };
		7C32FF2409CA051F94952769 /* ComplianceTests.swift in Sources */ = {isa = PBXBuildFile; fileRef = 2871B498CE120545D5FA44FB /* ComplianceTests.swift */; };
		81085EF13BB0C55D62BD924D /* DICOMShaders.metal in Sources */ = {isa = PBXBuildFile; fileRef = 20520DAA88630485CB40B745 /* DICOMShaders.metal */; };
		8C39E1020C1A8C11079B6833 /* CoreGraphics.framework in Frameworks */ = {isa = PBXBuildFile; fileRef = C39DE6F5F2502098CE8D43B7 /* CoreGraphics.framework */; };
		8E24416801FE1DE477C2B2BB /* ROIManager.swift in Sources */ = {isa = PBXBuildFile; fileRef = DD32BCCF0F573664479159E0 /* ROIManager.swift */; };
		9426CA2EDB58D8BEBF4A29A8 /* DICOMSegmentation.swift in Sources */ = {isa = PBXBuildFile; fileRef = EF494A74070DC6371896691A /* DICOMSegmentation.swift */; };
		94AEF2B542F4AC09CA02BC97 /* iOS_DICOMViewerUITests.swift in Sources */ = {isa = PBXBuildFile; fileRef = 35CC2BFA2C1CBCAF15861ABA /* iOS_DICOMViewerUITests.swift */; };
		9F6FF5502FFA32EE9E853413 /* DICOMParser.swift in Sources */ = {isa = PBXBuildFile; fileRef = F3EA315404E0B1B44517E82E /* DICOMParser.swift */; };
		9FF918C76A30FD5DAF466598 /* DICOMSeries.swift in Sources */ = {isa = PBXBuildFile; fileRef = 90DD79045E16C659A2E71753 /* DICOMSeries.swift */; };
		A1D878D105EF320F3D576E9E /* ClinicalComplianceManager.swift in Sources */ = {isa = PBXBuildFile; fileRef = F1FD77CC04F063D4EC906660 /* ClinicalComplianceManager.swift */; };
		A5E7562C255D1825673550E7 /* MainViewController.swift in Sources */ = {isa = PBXBuildFile; fileRef = 1D12971BD7B8714E53C18942 /* MainViewController.swift */; };
		A81EF416B80B183004D93461 /* Accelerate.framework in Embed Frameworks */ = {isa = PBXBuildFile; fileRef = 98723A1530DB60F2CE6DE7F7 /* Accelerate.framework */; settings = {ATTRIBUTES = (CodeSignOnCopy, RemoveHeadersOnCopy, ); }; };
		AB3C8B21324ED0F1E9294A7D /* iOS_DICOMViewerTests.swift in Sources */ = {isa = PBXBuildFile; fileRef = A67C9483ECF0450DB0209C61 /* iOS_DICOMViewerTests.swift */; };
		AC1CE189DFF5A7178CBD700B /* ROIRenderer.swift in Sources */ = {isa = PBXBuildFile; fileRef = EB7D0D2579DE4FF7A75DE9F3 /* ROIRenderer.swift */; };
		AD49D257647266BF721415B0 /* libofstd.a in Resources */ = {isa = PBXBuildFile; fileRef = AE8BA80C8CF2BACB040A8B88 /* libofstd.a */; };
		ADB0B77DCD737E90F52987EE /* Accelerate.framework in Frameworks */ = {isa = PBXBuildFile; fileRef = 98723A1530DB60F2CE6DE7F7 /* Accelerate.framework */; };
		ADF69C6094E8BF076308120B /* AppCoordinator.swift in Sources */ = {isa = PBXBuildFile; fileRef = 8724F417508E14404DB87D04 /* AppCoordinator.swift */; };
		B22C166BA1DFEBE9C5A83773 /* MPRViewController.swift in Sources */ = {isa = PBXBuildFile; fileRef = 19ED3E3F5D9B7C131955D42F /* MPRViewController.swift */; };
		BC3E026A56F76AA62EFFF8A2 /* PerformanceTests.swift in Sources */ = {isa = PBXBuildFile; fileRef = 90C52BA42D02D40AEA67036B /* PerformanceTests.swift */; };
		C38AF99D7FFE2D06B24B5901 /* MetalDICOMRenderer.swift in Sources */ = {isa = PBXBuildFile; fileRef = A19F319E87061991108E9BE2 /* MetalDICOMRenderer.swift */; };
		C3E66E20C49622FEABD4CA61 /* RTStructureSet.swift in Sources */ = {isa = PBXBuildFile; fileRef = C7F40BD9AE277651BC8297A6 /* RTStructureSet.swift */; };
		C5D196F40C591BC8C0576CC5 /* libdcmimgle.a in Resources */ = {isa = PBXBuildFile; fileRef = 4F210F2490F4ED50CFAA3D13 /* libdcmimgle.a */; };
		C74555281B00344C27ABF3AA /* StudyListCoordinator.swift in Sources */ = {isa = PBXBuildFile; fileRef = 18BBBEBFE352D239D277C9D2 /* StudyListCoordinator.swift */; };
		C7C0C2F7936634C3425E3CCB /* DICOMMetadataStore.swift in Sources */ = {isa = PBXBuildFile; fileRef = 26E224E9C9228D87FB70D105 /* DICOMMetadataStore.swift */; };
		CA3C2AFE8994EFCC790A9B3F /* MPRShaders.metal in Sources */ = {isa = PBXBuildFile; fileRef = A98B1242A8FD557D7AA4001D /* MPRShaders.metal */; };
		D0844D0E4AD9C4D2925DD8BF /* CoreGraphics.framework in Embed Frameworks */ = {isa = PBXBuildFile; fileRef = C39DE6F5F2502098CE8D43B7 /* CoreGraphics.framework */; settings = {ATTRIBUTES = (CodeSignOnCopy, RemoveHeadersOnCopy, ); }; };
		D25D052B70447696149C0A53 /* VolumeRenderer.swift in Sources */ = {isa = PBXBuildFile; fileRef = ED9B53C953E0069A45F82431 /* VolumeRenderer.swift */; };
		D46AE5E4E908ABC751FBF1BF /* DICOMCacheManager.swift in Sources */ = {isa = PBXBuildFile; fileRef = 2FFE92DE4F5773437FF5D8C9 /* DICOMCacheManager.swift */; };
		D9FE24836AF4CA069215FF95 /* ROIToolsTests.swift in Sources */ = {isa = PBXBuildFile; fileRef = 1F4C3E4D460F23C2E06782DE /* ROIToolsTests.swift */; };
		DC58C515FA7754EC0509117F /* RTStructureShaders.metal in Sources */ = {isa = PBXBuildFile; fileRef = BED4B67601214ACE5F8915F9 /* RTStructureShaders.metal */; };
		E2A016C654336F14B758AF35 /* HapticFeedback.swift in Sources */ = {isa = PBXBuildFile; fileRef = 1EE968C0C57A3F5461EFC9F6 /* HapticFeedback.swift */; };
		E90ED054EEB821A7BE45907D /* Metal.framework in Embed Frameworks */ = {isa = PBXBuildFile; fileRef = 54625880F53384F51EACCBC0 /* Metal.framework */; settings = {ATTRIBUTES = (CodeSignOnCopy, RemoveHeadersOnCopy, ); }; };
		EC22570CA87DCA4AAE6C1197 /* SegmentationShaders.metal in Sources */ = {isa = PBXBuildFile; fileRef = 5642CD013A48CA28391CDB6D /* SegmentationShaders.metal */; };
		F18B70137E10E0D67C1454AC /* RTStructureSetService.swift in Sources */ = {isa = PBXBuildFile; fileRef = 5313D11092920EEF5C27BE15 /* RTStructureSetService.swift */; };
		F4DBB7B653353B6E169E9541 /* RTStructureRenderer.swift in Sources */ = {isa = PBXBuildFile; fileRef = 251D4090577DC6874F9E084A /* RTStructureRenderer.swift */; };
		FBE0A9013AA4DDA4B1B980E5 /* DICOMParsingTests.swift in Sources */ = {isa = PBXBuildFile; fileRef = 4A7AC3B9BF55DD3803B29065 /* DICOMParsingTests.swift */; };
		FF361FB0EEEE1A012B743DED /* SegmentationService.swift in Sources */ = {isa = PBXBuildFile; fileRef = 9FA059AC006CC3DFCB3BD13E /* SegmentationService.swift */; };
/* End PBXBuildFile section */

/* Begin PBXContainerItemProxy section */
		069D0BB090CAD6753D2B91FD /* PBXContainerItemProxy */ = {
			isa = PBXContainerItemProxy;
			containerPortal = EBD8249512CFE4B868C4314C /* Project object */;
			proxyType = 1;
			remoteGlobalIDString = 987724AF3F870424D854CDF5;
			remoteInfo = iOS_DICOMViewer;
		};
		9BE239959D6100A5F720943A /* PBXContainerItemProxy */ = {
			isa = PBXContainerItemProxy;
			containerPortal = EBD8249512CFE4B868C4314C /* Project object */;
			proxyType = 1;
			remoteGlobalIDString = 987724AF3F870424D854CDF5;
			remoteInfo = iOS_DICOMViewer;
		};
/* End PBXContainerItemProxy section */

/* Begin PBXCopyFilesBuildPhase section */
		A132D5015738CE701B082A18 /* Embed Frameworks */ = {
			isa = PBXCopyFilesBuildPhase;
			buildActionMask = 2147483647;
			dstPath = "";
			dstSubfolderSpec = 10;
			files = (
				E90ED054EEB821A7BE45907D /* Metal.framework in Embed Frameworks */,
				020B5462D7B127A3E25CFBCA /* MetalKit.framework in Embed Frameworks */,
				A81EF416B80B183004D93461 /* Accelerate.framework in Embed Frameworks */,
				D0844D0E4AD9C4D2925DD8BF /* CoreGraphics.framework in Embed Frameworks */,
				0F3AB79F7BEEFC6153342A4B /* QuartzCore.framework in Embed Frameworks */,
				34E2F1A4C6D0F0EDC0EB3060 /* UIKit.framework in Embed Frameworks */,
				464231BC4E2930A64D04B459 /* Foundation.framework in Embed Frameworks */,
			);
			name = "Embed Frameworks";
			runOnlyForDeploymentPostprocessing = 0;
		};
/* End PBXCopyFilesBuildPhase section */

/* Begin PBXFileReference section */
		01452AE6DB17FF409918BE10 /* DICOMSegmentationParser.swift */ = {isa = PBXFileReference; lastKnownFileType = sourcecode.swift; path = DICOMSegmentationParser.swift; sourceTree = "<group>"; };
		0D1C0B3177DFD490668AD9DD /* diregist.h */ = {isa = PBXFileReference; lastKnownFileType = sourcecode.c.h; path = diregist.h; sourceTree = "<group>"; };
		0F5BEEE44BFAC844489CCFB3 /* ROITool.swift */ = {isa = PBXFileReference; lastKnownFileType = sourcecode.swift; path = ROITool.swift; sourceTree = "<group>"; };
		0FA69E46A1FE69D8DDF9FEC0 /* iOS_DICOMViewerUITests.xctest */ = {isa = PBXFileReference; includeInIndex = 0; lastKnownFileType = wrapper.cfbundle; path = iOS_DICOMViewerUITests.xctest; sourceTree = BUILT_PRODUCTS_DIR; };
		13E0A0B4F0F4423561996756 /* DICOMError+Enhanced.swift */ = {isa = PBXFileReference; lastKnownFileType = sourcecode.swift; path = "DICOMError+Enhanced.swift"; sourceTree = "<group>"; };
		14740DA5E43CEA8218F62DB5 /* dcmimage.h */ = {isa = PBXFileReference; lastKnownFileType = sourcecode.c.h; path = dcmimage.h; sourceTree = "<group>"; };
		162E6D0BDA44BDCCAF559D11 /* RTStructureSetParser.swift */ = {isa = PBXFileReference; lastKnownFileType = sourcecode.swift; path = RTStructureSetParser.swift; sourceTree = "<group>"; };
		18418F45335C5CECC2E65D0C /* Foundation.framework */ = {isa = PBXFileReference; lastKnownFileType = wrapper.framework; path = Foundation.framework; sourceTree = "<group>"; };
		18BBBEBFE352D239D277C9D2 /* StudyListCoordinator.swift */ = {isa = PBXFileReference; lastKnownFileType = sourcecode.swift; path = StudyListCoordinator.swift; sourceTree = "<group>"; };
		19ED3E3F5D9B7C131955D42F /* MPRViewController.swift */ = {isa = PBXFileReference; lastKnownFileType = sourcecode.swift; path = MPRViewController.swift; sourceTree = "<group>"; };
		1D12971BD7B8714E53C18942 /* MainViewController.swift */ = {isa = PBXFileReference; lastKnownFileType = sourcecode.swift; path = MainViewController.swift; sourceTree = "<group>"; };
		1E7F57E057B457605B1513A5 /* ROIViewController.swift */ = {isa = PBXFileReference; lastKnownFileType = sourcecode.swift; path = ROIViewController.swift; sourceTree = "<group>"; };
		1EE968C0C57A3F5461EFC9F6 /* HapticFeedback.swift */ = {isa = PBXFileReference; lastKnownFileType = sourcecode.swift; path = HapticFeedback.swift; sourceTree = "<group>"; };
		1F4C3E4D460F23C2E06782DE /* ROIToolsTests.swift */ = {isa = PBXFileReference; lastKnownFileType = sourcecode.swift; path = ROIToolsTests.swift; sourceTree = "<group>"; };
		20520DAA88630485CB40B745 /* DICOMShaders.metal */ = {isa = PBXFileReference; lastKnownFileType = sourcecode.metal; path = DICOMShaders.metal; sourceTree = "<group>"; };
		213EAA44EC1916D21C85809A /* ROIShaders.metal */ = {isa = PBXFileReference; lastKnownFileType = sourcecode.metal; path = ROIShaders.metal; sourceTree = "<group>"; };
		2505340E22827F5503DC580A /* DCMTKBridge.mm */ = {isa = PBXFileReference; lastKnownFileType = sourcecode.cpp.objcpp; path = DCMTKBridge.mm; sourceTree = "<group>"; };
		251D4090577DC6874F9E084A /* RTStructureRenderer.swift */ = {isa = PBXFileReference; lastKnownFileType = sourcecode.swift; path = RTStructureRenderer.swift; sourceTree = "<group>"; };
		26E224E9C9228D87FB70D105 /* DICOMMetadataStore.swift */ = {isa = PBXFileReference; lastKnownFileType = sourcecode.swift; path = DICOMMetadataStore.swift; sourceTree = "<group>"; };
		2737613CA113CF030DD899F7 /* dctk.h */ = {isa = PBXFileReference; lastKnownFileType = sourcecode.c.h; path = dctk.h; sourceTree = "<group>"; };
		2871B498CE120545D5FA44FB /* ComplianceTests.swift */ = {isa = PBXFileReference; lastKnownFileType = sourcecode.swift; path = ComplianceTests.swift; sourceTree = "<group>"; };
		291E0B2BBA69ADA1A9D84B47 /* iOS_DICOMViewer.app */ = {isa = PBXFileReference; explicitFileType = wrapper.application; includeInIndex = 0; path = iOS_DICOMViewer.app; sourceTree = BUILT_PRODUCTS_DIR; };
		2BBA28BE8A60891349DE5C9A /* QuartzCore.framework */ = {isa = PBXFileReference; lastKnownFileType = wrapper.framework; path = QuartzCore.framework; sourceTree = "<group>"; };
		2FF51FB8AFF446BB177DA91C /* DICOMImageRenderer.swift */ = {isa = PBXFileReference; lastKnownFileType = sourcecode.swift; path = DICOMImageRenderer.swift; sourceTree = "<group>"; };
		2FFE92DE4F5773437FF5D8C9 /* DICOMCacheManager.swift */ = {isa = PBXFileReference; lastKnownFileType = sourcecode.swift; path = DICOMCacheManager.swift; sourceTree = "<group>"; };
		35CC2BFA2C1CBCAF15861ABA /* iOS_DICOMViewerUITests.swift */ = {isa = PBXFileReference; lastKnownFileType = sourcecode.swift; path = iOS_DICOMViewerUITests.swift; sourceTree = "<group>"; };
		382907EC48DD7F5F2D54AEE1 /* AppDelegate.swift */ = {isa = PBXFileReference; lastKnownFileType = sourcecode.swift; path = AppDelegate.swift; sourceTree = "<group>"; };
		42A82151C5A1487BE7C53293 /* DICOMGestureHandler.swift */ = {isa = PBXFileReference; lastKnownFileType = sourcecode.swift; path = DICOMGestureHandler.swift; sourceTree = "<group>"; };
		46D206ABA893A5D16CB61388 /* MPRRenderer.swift */ = {isa = PBXFileReference; lastKnownFileType = sourcecode.swift; path = MPRRenderer.swift; sourceTree = "<group>"; };
		49BAFB3FB5CDF11E3426E387 /* DCMTKBridge.h */ = {isa = PBXFileReference; lastKnownFileType = sourcecode.c.h; path = DCMTKBridge.h; sourceTree = "<group>"; };
		4A7AC3B9BF55DD3803B29065 /* DICOMParsingTests.swift */ = {isa = PBXFileReference; lastKnownFileType = sourcecode.swift; path = DICOMParsingTests.swift; sourceTree = "<group>"; };
		4D342F2D7B5037BA98753936 /* DICOMStudy.swift */ = {isa = PBXFileReference; lastKnownFileType = sourcecode.swift; path = DICOMStudy.swift; sourceTree = "<group>"; };
		4F210F2490F4ED50CFAA3D13 /* libdcmimgle.a */ = {isa = PBXFileReference; lastKnownFileType = archive.ar; path = libdcmimgle.a; sourceTree = "<group>"; };
		5313D11092920EEF5C27BE15 /* RTStructureSetService.swift */ = {isa = PBXFileReference; lastKnownFileType = sourcecode.swift; path = RTStructureSetService.swift; sourceTree = "<group>"; };
		54625880F53384F51EACCBC0 /* Metal.framework */ = {isa = PBXFileReference; lastKnownFileType = wrapper.framework; path = Metal.framework; sourceTree = "<group>"; };
		5642CD013A48CA28391CDB6D /* SegmentationShaders.metal */ = {isa = PBXFileReference; lastKnownFileType = sourcecode.metal; path = SegmentationShaders.metal; sourceTree = "<group>"; };
		6ACB03E13FE148C334412B0F /* DICOMServiceManager.swift */ = {isa = PBXFileReference; lastKnownFileType = sourcecode.swift; path = DICOMServiceManager.swift; sourceTree = "<group>"; };
		75C54BDEA2B306044B182A8B /* StudyListViewController.swift */ = {isa = PBXFileReference; lastKnownFileType = sourcecode.swift; path = StudyListViewController.swift; sourceTree = "<group>"; };
		8724F417508E14404DB87D04 /* AppCoordinator.swift */ = {isa = PBXFileReference; lastKnownFileType = sourcecode.swift; path = AppCoordinator.swift; sourceTree = "<group>"; };
		88B2B31C2E6659D6BA4D2A54 /* UIKit.framework */ = {isa = PBXFileReference; lastKnownFileType = wrapper.framework; path = UIKit.framework; sourceTree = "<group>"; };
		8D1A5ECD2126EC15EBEBB717 /* iOS_DICOMViewerTests.xctest */ = {isa = PBXFileReference; includeInIndex = 0; lastKnownFileType = wrapper.cfbundle; path = iOS_DICOMViewerTests.xctest; sourceTree = BUILT_PRODUCTS_DIR; };
		90C52BA42D02D40AEA67036B /* PerformanceTests.swift */ = {isa = PBXFileReference; lastKnownFileType = sourcecode.swift; path = PerformanceTests.swift; sourceTree = "<group>"; };
		90DD79045E16C659A2E71753 /* DICOMSeries.swift */ = {isa = PBXFileReference; lastKnownFileType = sourcecode.swift; path = DICOMSeries.swift; sourceTree = "<group>"; };
		918E69278850B163D5ACC26D /* DICOMInstance.swift */ = {isa = PBXFileReference; lastKnownFileType = sourcecode.swift; path = DICOMInstance.swift; sourceTree = "<group>"; };
		983C9EB8D80CE8E6069052C9 /* oftypes.h */ = {isa = PBXFileReference; lastKnownFileType = sourcecode.c.h; path = oftypes.h; sourceTree = "<group>"; };
		98723A1530DB60F2CE6DE7F7 /* Accelerate.framework */ = {isa = PBXFileReference; lastKnownFileType = wrapper.framework; path = Accelerate.framework; sourceTree = "<group>"; };
		9CFAE6B47CE7F2E857D5ABF5 /* VolumeRenderingShaders.metal */ = {isa = PBXFileReference; lastKnownFileType = sourcecode.metal; path = VolumeRenderingShaders.metal; sourceTree = "<group>"; };
		9FA059AC006CC3DFCB3BD13E /* SegmentationService.swift */ = {isa = PBXFileReference; lastKnownFileType = sourcecode.swift; path = SegmentationService.swift; sourceTree = "<group>"; };
		A19F319E87061991108E9BE2 /* MetalDICOMRenderer.swift */ = {isa = PBXFileReference; lastKnownFileType = sourcecode.swift; path = MetalDICOMRenderer.swift; sourceTree = "<group>"; };
		A67C9483ECF0450DB0209C61 /* iOS_DICOMViewerTests.swift */ = {isa = PBXFileReference; lastKnownFileType = sourcecode.swift; path = iOS_DICOMViewerTests.swift; sourceTree = "<group>"; };
		A98B1242A8FD557D7AA4001D /* MPRShaders.metal */ = {isa = PBXFileReference; lastKnownFileType = sourcecode.metal; path = MPRShaders.metal; sourceTree = "<group>"; };
		AE8BA80C8CF2BACB040A8B88 /* libofstd.a */ = {isa = PBXFileReference; lastKnownFileType = archive.ar; path = libofstd.a; sourceTree = "<group>"; };
		B617736EFE7B86D9FDE94533 /* PolygonROITool.swift */ = {isa = PBXFileReference; lastKnownFileType = sourcecode.swift; path = PolygonROITool.swift; sourceTree = "<group>"; };
		B7886FAAACC3F4036ACDE8DC /* DICOMError.swift */ = {isa = PBXFileReference; lastKnownFileType = sourcecode.swift; path = DICOMError.swift; sourceTree = "<group>"; };
		BED4B67601214ACE5F8915F9 /* RTStructureShaders.metal */ = {isa = PBXFileReference; lastKnownFileType = sourcecode.metal; path = RTStructureShaders.metal; sourceTree = "<group>"; };
		C39DE6F5F2502098CE8D43B7 /* CoreGraphics.framework */ = {isa = PBXFileReference; lastKnownFileType = wrapper.framework; path = CoreGraphics.framework; sourceTree = "<group>"; };
		C7F40BD9AE277651BC8297A6 /* RTStructureSet.swift */ = {isa = PBXFileReference; lastKnownFileType = sourcecode.swift; path = RTStructureSet.swift; sourceTree = "<group>"; };
		CE6658D1996648A8DD09E0C8 /* RenderingTests.swift */ = {isa = PBXFileReference; lastKnownFileType = sourcecode.swift; path = RenderingTests.swift; sourceTree = "<group>"; };
		CFE6E5013094E8F9E2AC269D /* ViewerViewController.swift */ = {isa = PBXFileReference; lastKnownFileType = sourcecode.swift; path = ViewerViewController.swift; sourceTree = "<group>"; };
		DC25B80F07AD312F6CAE0AD1 /* MetalKit.framework */ = {isa = PBXFileReference; lastKnownFileType = wrapper.framework; path = MetalKit.framework; sourceTree = "<group>"; };
		DD32BCCF0F573664479159E0 /* ROIManager.swift */ = {isa = PBXFileReference; lastKnownFileType = sourcecode.swift; path = ROIManager.swift; sourceTree = "<group>"; };
		DF7F297F9C1C8E36E9ADDEC9 /* DICOMMetadata.swift */ = {isa = PBXFileReference; lastKnownFileType = sourcecode.swift; path = DICOMMetadata.swift; sourceTree = "<group>"; };
		E06C3D4CD3085B197B0C6C67 /* libdcmdata.a */ = {isa = PBXFileReference; lastKnownFileType = archive.ar; path = libdcmdata.a; sourceTree = "<group>"; };
		E3E83F14ABB1A6B13A65801B /* SceneDelegate.swift */ = {isa = PBXFileReference; lastKnownFileType = sourcecode.swift; path = SceneDelegate.swift; sourceTree = "<group>"; };
		EB7D0D2579DE4FF7A75DE9F3 /* ROIRenderer.swift */ = {isa = PBXFileReference; lastKnownFileType = sourcecode.swift; path = ROIRenderer.swift; sourceTree = "<group>"; };
		ED9B53C953E0069A45F82431 /* VolumeRenderer.swift */ = {isa = PBXFileReference; lastKnownFileType = sourcecode.swift; path = VolumeRenderer.swift; sourceTree = "<group>"; };
		EF494A74070DC6371896691A /* DICOMSegmentation.swift */ = {isa = PBXFileReference; lastKnownFileType = sourcecode.swift; path = DICOMSegmentation.swift; sourceTree = "<group>"; };
		F03F54DD9D88F607E5FAADB7 /* libdcmimage.a */ = {isa = PBXFileReference; lastKnownFileType = archive.ar; path = libdcmimage.a; sourceTree = "<group>"; };
		F1FD77CC04F063D4EC906660 /* ClinicalComplianceManager.swift */ = {isa = PBXFileReference; lastKnownFileType = sourcecode.swift; path = ClinicalComplianceManager.swift; sourceTree = "<group>"; };
		F3EA315404E0B1B44517E82E /* DICOMParser.swift */ = {isa = PBXFileReference; lastKnownFileType = sourcecode.swift; path = DICOMParser.swift; sourceTree = "<group>"; };
		F542B6017363F19A009FD2EC /* DICOMFileImporter.swift */ = {isa = PBXFileReference; lastKnownFileType = sourcecode.swift; path = DICOMFileImporter.swift; sourceTree = "<group>"; };
		F94DF31E78D7BB980B9A298B /* module.modulemap */ = {isa = PBXFileReference; lastKnownFileType = "sourcecode.module-map"; path = module.modulemap; sourceTree = "<group>"; };
		FB95C10DFFCA103001F38E79 /* SegmentationRenderer.swift */ = {isa = PBXFileReference; lastKnownFileType = sourcecode.swift; path = SegmentationRenderer.swift; sourceTree = "<group>"; };
		FEDE1524D848B5A18F96FB1D /* ServiceProtocols.swift */ = {isa = PBXFileReference; lastKnownFileType = sourcecode.swift; path = ServiceProtocols.swift; sourceTree = "<group>"; };
/* End PBXFileReference section */

/* Begin PBXFrameworksBuildPhase section */
		4CD203509729474E380B4AEC /* Frameworks */ = {
			isa = PBXFrameworksBuildPhase;
			buildActionMask = 2147483647;
			files = (
				6C8D8924ADB0698710BC4ABB /* Metal.framework in Frameworks */,
				45BC46DF96286BB0BEA6F87F /* MetalKit.framework in Frameworks */,
				ADB0B77DCD737E90F52987EE /* Accelerate.framework in Frameworks */,
				8C39E1020C1A8C11079B6833 /* CoreGraphics.framework in Frameworks */,
				1B979FB79EF6F0F8A2519DDA /* QuartzCore.framework in Frameworks */,
				6DCDFE2C39E28603A59B3D21 /* UIKit.framework in Frameworks */,
				667AD1B15F9BCEEA43A598B0 /* Foundation.framework in Frameworks */,
			);
			runOnlyForDeploymentPostprocessing = 0;
		};
/* End PBXFrameworksBuildPhase section */

/* Begin PBXGroup section */
		07B6B72B7B9C64BFF8332EF7 /* DICOM */ = {
			isa = PBXGroup;
			children = (
				D80054476A7ADE04108135B3 /* Bridge */,
				2716704E138402E3EE839E94 /* Parser */,
			);
			path = DICOM;
			sourceTree = "<group>";
		};
		0B40C2E082C290238830988A /* Utils */ = {
			isa = PBXGroup;
			children = (
				1EE968C0C57A3F5461EFC9F6 /* HapticFeedback.swift */,
			);
			path = Utils;
			sourceTree = "<group>";
		};
		144E6D9655A4D694FB394BAD /* MPR */ = {
			isa = PBXGroup;
			children = (
				19ED3E3F5D9B7C131955D42F /* MPRViewController.swift */,
			);
			path = MPR;
			sourceTree = "<group>";
		};
		20F01115AA8085B82D43D879 /* Frameworks */ = {
			isa = PBXGroup;
			children = (
				98723A1530DB60F2CE6DE7F7 /* Accelerate.framework */,
				C39DE6F5F2502098CE8D43B7 /* CoreGraphics.framework */,
				18418F45335C5CECC2E65D0C /* Foundation.framework */,
				54625880F53384F51EACCBC0 /* Metal.framework */,
				DC25B80F07AD312F6CAE0AD1 /* MetalKit.framework */,
				2BBA28BE8A60891349DE5C9A /* QuartzCore.framework */,
				88B2B31C2E6659D6BA4D2A54 /* UIKit.framework */,
			);
			name = Frameworks;
			sourceTree = "<group>";
		};
		2689818AD66F83DC5024D428 /* Segmentation */ = {
			isa = PBXGroup;
			children = (
				FB95C10DFFCA103001F38E79 /* SegmentationRenderer.swift */,
				9FA059AC006CC3DFCB3BD13E /* SegmentationService.swift */,
			);
			path = Segmentation;
			sourceTree = "<group>";
		};
		2716704E138402E3EE839E94 /* Parser */ = {
			isa = PBXGroup;
			children = (
				F3EA315404E0B1B44517E82E /* DICOMParser.swift */,
				01452AE6DB17FF409918BE10 /* DICOMSegmentationParser.swift */,
				162E6D0BDA44BDCCAF559D11 /* RTStructureSetParser.swift */,
			);
			path = Parser;
			sourceTree = "<group>";
		};
		2A416634D1D8537F7F079C70 /* ViewControllers */ = {
			isa = PBXGroup;
			children = (
				1D12971BD7B8714E53C18942 /* MainViewController.swift */,
				75C54BDEA2B306044B182A8B /* StudyListViewController.swift */,
				CFE6E5013094E8F9E2AC269D /* ViewerViewController.swift */,
				30E5B6E844290E6AE04673D8 /* Gestures */,
				144E6D9655A4D694FB394BAD /* MPR */,
				C7CE45827DE6F1C654DD122A /* ROI */,
			);
			path = ViewControllers;
			sourceTree = "<group>";
		};
		30E5B6E844290E6AE04673D8 /* Gestures */ = {
			isa = PBXGroup;
			children = (
				42A82151C5A1487BE7C53293 /* DICOMGestureHandler.swift */,
			);
			path = Gestures;
			sourceTree = "<group>";
		};
		336E9E870650592AE8510C15 /* dcmtk */ = {
			isa = PBXGroup;
			children = (
				9F89A78C952BA51BF901B50A /* dcmdata */,
				3B05A44F7771DC26F4050E9D /* dcmimage */,
				D1515D59075767AC6394A7BC /* dcmimgle */,
				443457CD38F297CB9ED483FB /* ofstd */,
			);
			path = dcmtk;
			sourceTree = "<group>";
		};
		3610308685F4818C33C8709C /* Tools */ = {
			isa = PBXGroup;
			children = (
				AE5BA559F235D3ED344DC4B0 /* ROI */,
			);
			path = Tools;
			sourceTree = "<group>";
		};
		3709D8F6036D1F6D8F244DCA /* Rendering */ = {
			isa = PBXGroup;
			children = (
				A19F319E87061991108E9BE2 /* MetalDICOMRenderer.swift */,
				46D206ABA893A5D16CB61388 /* MPRRenderer.swift */,
				BDC440BC9F705C53D4EA15B6 /* 3D */,
			);
			path = Rendering;
			sourceTree = "<group>";
		};
		39C2901898BE233F9BF29D0C /* iOS_DICOMViewerUITests */ = {
			isa = PBXGroup;
			children = (
				35CC2BFA2C1CBCAF15861ABA /* iOS_DICOMViewerUITests.swift */,
			);
			path = iOS_DICOMViewerUITests;
			sourceTree = "<group>";
		};
		3B05A44F7771DC26F4050E9D /* dcmimage */ = {
			isa = PBXGroup;
			children = (
				0D1C0B3177DFD490668AD9DD /* diregist.h */,
			);
			path = dcmimage;
			sourceTree = "<group>";
		};
		3EA040E4DBFC8231EF01F46F /* Products */ = {
			isa = PBXGroup;
			children = (
				291E0B2BBA69ADA1A9D84B47 /* iOS_DICOMViewer.app */,
				8D1A5ECD2126EC15EBEBB717 /* iOS_DICOMViewerTests.xctest */,
				0FA69E46A1FE69D8DDF9FEC0 /* iOS_DICOMViewerUITests.xctest */,
			);
			name = Products;
			sourceTree = "<group>";
		};
		443457CD38F297CB9ED483FB /* ofstd */ = {
			isa = PBXGroup;
			children = (
				983C9EB8D80CE8E6069052C9 /* oftypes.h */,
			);
			path = ofstd;
			sourceTree = "<group>";
		};
		4AFECFAEBE489912275C9585 /* Compliance */ = {
			isa = PBXGroup;
			children = (
				F1FD77CC04F063D4EC906660 /* ClinicalComplianceManager.swift */,
			);
			path = Compliance;
			sourceTree = "<group>";
		};
		5E7F48F6DB0BBF8C3A511BFF /* Core */ = {
			isa = PBXGroup;
			children = (
				A03FB4E03BB52D39B4CF04E6 /* Cache */,
				4AFECFAEBE489912275C9585 /* Compliance */,
				D7869011971A24F28B4801C8 /* Models */,
				81B13A7D8A063AFDEFB7F244 /* Services */,
			);
			path = Core;
			sourceTree = "<group>";
		};
		70964CA3D4CF080FB15E03D0 /* include */ = {
			isa = PBXGroup;
			children = (
				336E9E870650592AE8510C15 /* dcmtk */,
			);
			path = include;
			sourceTree = "<group>";
		};
		7AEDDFC163B3FFA17052424B /* StructureSet */ = {
			isa = PBXGroup;
			children = (
				251D4090577DC6874F9E084A /* RTStructureRenderer.swift */,
				5313D11092920EEF5C27BE15 /* RTStructureSetService.swift */,
			);
			path = StructureSet;
			sourceTree = "<group>";
		};
		81B13A7D8A063AFDEFB7F244 /* Services */ = {
			isa = PBXGroup;
			children = (
				F542B6017363F19A009FD2EC /* DICOMFileImporter.swift */,
				2FF51FB8AFF446BB177DA91C /* DICOMImageRenderer.swift */,
				26E224E9C9228D87FB70D105 /* DICOMMetadataStore.swift */,
				6ACB03E13FE148C334412B0F /* DICOMServiceManager.swift */,
				FEDE1524D848B5A18F96FB1D /* ServiceProtocols.swift */,
			);
			path = Services;
			sourceTree = "<group>";
		};
		8ADCBA75E03CE055C533A7B5 /* Frameworks */ = {
			isa = PBXGroup;
			children = (
				C76200B22C4DFF5B51C97BA1 /* DCMTK */,
			);
			path = Frameworks;
			sourceTree = "<group>";
		};
		8E4E256D2A2C147404E9FACA /* Extensions */ = {
			isa = PBXGroup;
			children = (
				2689818AD66F83DC5024D428 /* Segmentation */,
				7AEDDFC163B3FFA17052424B /* StructureSet */,
			);
			path = Extensions;
			sourceTree = "<group>";
		};
		9F89A78C952BA51BF901B50A /* dcmdata */ = {
			isa = PBXGroup;
			children = (
				2737613CA113CF030DD899F7 /* dctk.h */,
			);
			path = dcmdata;
			sourceTree = "<group>";
		};
		A03FB4E03BB52D39B4CF04E6 /* Cache */ = {
			isa = PBXGroup;
			children = (
				2FFE92DE4F5773437FF5D8C9 /* DICOMCacheManager.swift */,
			);
			path = Cache;
			sourceTree = "<group>";
		};
		A40B6B3975079E5B90428CEE /* Shaders */ = {
			isa = PBXGroup;
			children = (
				20520DAA88630485CB40B745 /* DICOMShaders.metal */,
				A98B1242A8FD557D7AA4001D /* MPRShaders.metal */,
				213EAA44EC1916D21C85809A /* ROIShaders.metal */,
				BED4B67601214ACE5F8915F9 /* RTStructureShaders.metal */,
				5642CD013A48CA28391CDB6D /* SegmentationShaders.metal */,
				9CFAE6B47CE7F2E857D5ABF5 /* VolumeRenderingShaders.metal */,
			);
			path = Shaders;
			sourceTree = "<group>";
		};
		AE5BA559F235D3ED344DC4B0 /* ROI */ = {
			isa = PBXGroup;
			children = (
				B617736EFE7B86D9FDE94533 /* PolygonROITool.swift */,
				DD32BCCF0F573664479159E0 /* ROIManager.swift */,
				EB7D0D2579DE4FF7A75DE9F3 /* ROIRenderer.swift */,
				0F5BEEE44BFAC844489CCFB3 /* ROITool.swift */,
			);
			path = ROI;
			sourceTree = "<group>";
		};
		B2C8CC75CB142F05AD226F2A /* iOS_DICOMViewer */ = {
			isa = PBXGroup;
			children = (
				382907EC48DD7F5F2D54AEE1 /* AppDelegate.swift */,
				E3E83F14ABB1A6B13A65801B /* SceneDelegate.swift */,
				E4660EF62AC420554A433AA0 /* Coordinators */,
				5E7F48F6DB0BBF8C3A511BFF /* Core */,
				07B6B72B7B9C64BFF8332EF7 /* DICOM */,
				8E4E256D2A2C147404E9FACA /* Extensions */,
				8ADCBA75E03CE055C533A7B5 /* Frameworks */,
				3709D8F6036D1F6D8F244DCA /* Rendering */,
				A40B6B3975079E5B90428CEE /* Shaders */,
				3610308685F4818C33C8709C /* Tools */,
				0B40C2E082C290238830988A /* Utils */,
				2A416634D1D8537F7F079C70 /* ViewControllers */,
			);
			path = iOS_DICOMViewer;
			sourceTree = "<group>";
		};
		BDC440BC9F705C53D4EA15B6 /* 3D */ = {
			isa = PBXGroup;
			children = (
				ED9B53C953E0069A45F82431 /* VolumeRenderer.swift */,
			);
			path = 3D;
			sourceTree = "<group>";
		};
		BF2B26FFCE144E55E42AE8C9 /* iOS_DICOMViewerTests */ = {
			isa = PBXGroup;
			children = (
				2871B498CE120545D5FA44FB /* ComplianceTests.swift */,
				4A7AC3B9BF55DD3803B29065 /* DICOMParsingTests.swift */,
				A67C9483ECF0450DB0209C61 /* iOS_DICOMViewerTests.swift */,
				90C52BA42D02D40AEA67036B /* PerformanceTests.swift */,
				CE6658D1996648A8DD09E0C8 /* RenderingTests.swift */,
				1F4C3E4D460F23C2E06782DE /* ROIToolsTests.swift */,
			);
			path = iOS_DICOMViewerTests;
			sourceTree = "<group>";
		};
		C76200B22C4DFF5B51C97BA1 /* DCMTK */ = {
			isa = PBXGroup;
			children = (
				F94DF31E78D7BB980B9A298B /* module.modulemap */,
				70964CA3D4CF080FB15E03D0 /* include */,
				E336F434F3C7BB6AE17743F0 /* lib */,
			);
			path = DCMTK;
			sourceTree = "<group>";
		};
		C7CE45827DE6F1C654DD122A /* ROI */ = {
			isa = PBXGroup;
			children = (
				1E7F57E057B457605B1513A5 /* ROIViewController.swift */,
			);
			path = ROI;
			sourceTree = "<group>";
		};
		CBC1143761FAD69A43338724 = {
			isa = PBXGroup;
			children = (
				B2C8CC75CB142F05AD226F2A /* iOS_DICOMViewer */,
				BF2B26FFCE144E55E42AE8C9 /* iOS_DICOMViewerTests */,
				39C2901898BE233F9BF29D0C /* iOS_DICOMViewerUITests */,
				20F01115AA8085B82D43D879 /* Frameworks */,
				3EA040E4DBFC8231EF01F46F /* Products */,
			);
			sourceTree = "<group>";
		};
		D1515D59075767AC6394A7BC /* dcmimgle */ = {
			isa = PBXGroup;
			children = (
				14740DA5E43CEA8218F62DB5 /* dcmimage.h */,
			);
			path = dcmimgle;
			sourceTree = "<group>";
		};
		D7869011971A24F28B4801C8 /* Models */ = {
			isa = PBXGroup;
			children = (
				B7886FAAACC3F4036ACDE8DC /* DICOMError.swift */,
				13E0A0B4F0F4423561996756 /* DICOMError+Enhanced.swift */,
				918E69278850B163D5ACC26D /* DICOMInstance.swift */,
				DF7F297F9C1C8E36E9ADDEC9 /* DICOMMetadata.swift */,
				EF494A74070DC6371896691A /* DICOMSegmentation.swift */,
				90DD79045E16C659A2E71753 /* DICOMSeries.swift */,
				4D342F2D7B5037BA98753936 /* DICOMStudy.swift */,
				C7F40BD9AE277651BC8297A6 /* RTStructureSet.swift */,
			);
			path = Models;
			sourceTree = "<group>";
		};
		D80054476A7ADE04108135B3 /* Bridge */ = {
			isa = PBXGroup;
			children = (
				49BAFB3FB5CDF11E3426E387 /* DCMTKBridge.h */,
				2505340E22827F5503DC580A /* DCMTKBridge.mm */,
			);
			path = Bridge;
			sourceTree = "<group>";
		};
		E336F434F3C7BB6AE17743F0 /* lib */ = {
			isa = PBXGroup;
			children = (
				E06C3D4CD3085B197B0C6C67 /* libdcmdata.a */,
				F03F54DD9D88F607E5FAADB7 /* libdcmimage.a */,
				4F210F2490F4ED50CFAA3D13 /* libdcmimgle.a */,
				AE8BA80C8CF2BACB040A8B88 /* libofstd.a */,
			);
			path = lib;
			sourceTree = "<group>";
		};
		E4660EF62AC420554A433AA0 /* Coordinators */ = {
			isa = PBXGroup;
			children = (
				8724F417508E14404DB87D04 /* AppCoordinator.swift */,
				18BBBEBFE352D239D277C9D2 /* StudyListCoordinator.swift */,
			);
			path = Coordinators;
			sourceTree = "<group>";
		};
/* End PBXGroup section */

/* Begin PBXNativeTarget section */
		126F20DB522FF0E4374B09F4 /* iOS_DICOMViewerTests */ = {
			isa = PBXNativeTarget;
			buildConfigurationList = BF13C9BC4015D11C6A0D57D1 /* Build configuration list for PBXNativeTarget "iOS_DICOMViewerTests" */;
			buildPhases = (
				6E7005FC236A8B2BD9E2B245 /* Sources */,
			);
			buildRules = (
			);
			dependencies = (
				70350429BCEF6798AF6393DF /* PBXTargetDependency */,
			);
			name = iOS_DICOMViewerTests;
			packageProductDependencies = (
			);
			productName = iOS_DICOMViewerTests;
			productReference = 8D1A5ECD2126EC15EBEBB717 /* iOS_DICOMViewerTests.xctest */;
			productType = "com.apple.product-type.bundle.unit-test";
		};
		987724AF3F870424D854CDF5 /* iOS_DICOMViewer */ = {
			isa = PBXNativeTarget;
			buildConfigurationList = C9AC0EB3F3813EF2022A4D96 /* Build configuration list for PBXNativeTarget "iOS_DICOMViewer" */;
			buildPhases = (
				8E0A11E0897982D601D63696 /* Sources */,
				06023E68FB78806F160D42F1 /* Resources */,
				4CD203509729474E380B4AEC /* Frameworks */,
				A132D5015738CE701B082A18 /* Embed Frameworks */,
			);
			buildRules = (
			);
			dependencies = (
			);
			name = iOS_DICOMViewer;
			packageProductDependencies = (
			);
			productName = iOS_DICOMViewer;
			productReference = 291E0B2BBA69ADA1A9D84B47 /* iOS_DICOMViewer.app */;
			productType = "com.apple.product-type.application";
		};
		E0875A4CB485D8F07F294363 /* iOS_DICOMViewerUITests */ = {
			isa = PBXNativeTarget;
			buildConfigurationList = FB8DD6714B349C85AC1B1735 /* Build configuration list for PBXNativeTarget "iOS_DICOMViewerUITests" */;
			buildPhases = (
				CC3C1505DD420B13E53F71AF /* Sources */,
			);
			buildRules = (
			);
			dependencies = (
				05D2300A7DD000CB59B68E22 /* PBXTargetDependency */,
			);
			name = iOS_DICOMViewerUITests;
			packageProductDependencies = (
			);
			productName = iOS_DICOMViewerUITests;
			productReference = 0FA69E46A1FE69D8DDF9FEC0 /* iOS_DICOMViewerUITests.xctest */;
			productType = "com.apple.product-type.bundle.ui-testing";
		};
/* End PBXNativeTarget section */

/* Begin PBXProject section */
		EBD8249512CFE4B868C4314C /* Project object */ = {
			isa = PBXProject;
			attributes = {
				BuildIndependentTargetsInParallel = YES;
				LastUpgradeCheck = 1430;
				TargetAttributes = {
					E0875A4CB485D8F07F294363 = {
						TestTargetID = 987724AF3F870424D854CDF5;
					};
				};
			};
			buildConfigurationList = 441B2ACF0F76A5C929CB3C31 /* Build configuration list for PBXProject "iOS_DICOMViewer" */;
			compatibilityVersion = "Xcode 14.0";
			developmentRegion = en;
			hasScannedForEncodings = 0;
			knownRegions = (
				Base,
				en,
			);
			mainGroup = CBC1143761FAD69A43338724;
			minimizedProjectReferenceProxies = 1;
			projectDirPath = "";
			projectRoot = "";
			targets = (
				987724AF3F870424D854CDF5 /* iOS_DICOMViewer */,
				126F20DB522FF0E4374B09F4 /* iOS_DICOMViewerTests */,
				E0875A4CB485D8F07F294363 /* iOS_DICOMViewerUITests */,
			);
		};
/* End PBXProject section */

/* Begin PBXResourcesBuildPhase section */
		06023E68FB78806F160D42F1 /* Resources */ = {
			isa = PBXResourcesBuildPhase;
			buildActionMask = 2147483647;
			files = (
				6639A87063E7033F5E0BC3FC /* libdcmdata.a in Resources */,
				64311B12E19CCDA22024F33A /* libdcmimage.a in Resources */,
				C5D196F40C591BC8C0576CC5 /* libdcmimgle.a in Resources */,
				AD49D257647266BF721415B0 /* libofstd.a in Resources */,
			);
			runOnlyForDeploymentPostprocessing = 0;
		};
/* End PBXResourcesBuildPhase section */

/* Begin PBXSourcesBuildPhase section */
		6E7005FC236A8B2BD9E2B245 /* Sources */ = {
			isa = PBXSourcesBuildPhase;
			buildActionMask = 2147483647;
			files = (
				7C32FF2409CA051F94952769 /* ComplianceTests.swift in Sources */,
				FBE0A9013AA4DDA4B1B980E5 /* DICOMParsingTests.swift in Sources */,
				BC3E026A56F76AA62EFFF8A2 /* PerformanceTests.swift in Sources */,
				D9FE24836AF4CA069215FF95 /* ROIToolsTests.swift in Sources */,
				61F4623CEEC5FB8EA1FB27C2 /* RenderingTests.swift in Sources */,
				AB3C8B21324ED0F1E9294A7D /* iOS_DICOMViewerTests.swift in Sources */,
			);
			runOnlyForDeploymentPostprocessing = 0;
		};
		8E0A11E0897982D601D63696 /* Sources */ = {
			isa = PBXSourcesBuildPhase;
			buildActionMask = 2147483647;
			files = (
				ADF69C6094E8BF076308120B /* AppCoordinator.swift in Sources */,
				0A51DF6CDE277380A9148BF1 /* AppDelegate.swift in Sources */,
				A1D878D105EF320F3D576E9E /* ClinicalComplianceManager.swift in Sources */,
				26A44B43AA773B8907E8B310 /* DCMTKBridge.mm in Sources */,
				D46AE5E4E908ABC751FBF1BF /* DICOMCacheManager.swift in Sources */,
				281B0F1B30898DB4FB242072 /* DICOMError+Enhanced.swift in Sources */,
				6C246094C207BBC54AE71469 /* DICOMError.swift in Sources */,
				42E7287B7E685AE6C13AFA0B /* DICOMFileImporter.swift in Sources */,
				29AEC1379585CC8E25AE8CB2 /* DICOMGestureHandler.swift in Sources */,
				1AB0BAAEB2B468B6F43B5788 /* DICOMImageRenderer.swift in Sources */,
				52632CCDA770CB416A992680 /* DICOMInstance.swift in Sources */,
				15F90ADDF60DF9147B845523 /* DICOMMetadata.swift in Sources */,
				C7C0C2F7936634C3425E3CCB /* DICOMMetadataStore.swift in Sources */,
				9F6FF5502FFA32EE9E853413 /* DICOMParser.swift in Sources */,
				9426CA2EDB58D8BEBF4A29A8 /* DICOMSegmentation.swift in Sources */,
				51C54B00F17BE513C28E6FB5 /* DICOMSegmentationParser.swift in Sources */,
				9FF918C76A30FD5DAF466598 /* DICOMSeries.swift in Sources */,
				3E817759EE713E7889652CCD /* DICOMServiceManager.swift in Sources */,
				81085EF13BB0C55D62BD924D /* DICOMShaders.metal in Sources */,
				460B53E1473A51F51461A0ED /* DICOMStudy.swift in Sources */,
				E2A016C654336F14B758AF35 /* HapticFeedback.swift in Sources */,
				2A6CA80F5F0EDD13F04B6D90 /* MPRRenderer.swift in Sources */,
				CA3C2AFE8994EFCC790A9B3F /* MPRShaders.metal in Sources */,
				B22C166BA1DFEBE9C5A83773 /* MPRViewController.swift in Sources */,
				A5E7562C255D1825673550E7 /* MainViewController.swift in Sources */,
				C38AF99D7FFE2D06B24B5901 /* MetalDICOMRenderer.swift in Sources */,
				05203F6631E3F0F58BA84747 /* PolygonROITool.swift in Sources */,
				8E24416801FE1DE477C2B2BB /* ROIManager.swift in Sources */,
				AC1CE189DFF5A7178CBD700B /* ROIRenderer.swift in Sources */,
				0065E315D0BDE706FC130FE2 /* ROIShaders.metal in Sources */,
				5242A62A43D6E900F3F1EF48 /* ROITool.swift in Sources */,
				64EAAAC6052FFA857E73D377 /* ROIViewController.swift in Sources */,
				F4DBB7B653353B6E169E9541 /* RTStructureRenderer.swift in Sources */,
				C3E66E20C49622FEABD4CA61 /* RTStructureSet.swift in Sources */,
				1717009D2293D57D6C03F7A9 /* RTStructureSetParser.swift in Sources */,
				F18B70137E10E0D67C1454AC /* RTStructureSetService.swift in Sources */,
				DC58C515FA7754EC0509117F /* RTStructureShaders.metal in Sources */,
				35E7CD335455764296462338 /* SceneDelegate.swift in Sources */,
				3FABDCD33E2486877B6E02B8 /* SegmentationRenderer.swift in Sources */,
				FF361FB0EEEE1A012B743DED /* SegmentationService.swift in Sources */,
				EC22570CA87DCA4AAE6C1197 /* SegmentationShaders.metal in Sources */,
				6A7256D24A421D6CB22C39D9 /* ServiceProtocols.swift in Sources */,
				C74555281B00344C27ABF3AA /* StudyListCoordinator.swift in Sources */,
				68083B44B7BDF7166446D086 /* StudyListViewController.swift in Sources */,
				08AD607E213021733AFDA407 /* ViewerViewController.swift in Sources */,
				D25D052B70447696149C0A53 /* VolumeRenderer.swift in Sources */,
				2447824A48F13D49A2806DB5 /* VolumeRenderingShaders.metal in Sources */,
			);
			runOnlyForDeploymentPostprocessing = 0;
		};
		CC3C1505DD420B13E53F71AF /* Sources */ = {
			isa = PBXSourcesBuildPhase;
			buildActionMask = 2147483647;
			files = (
				94AEF2B542F4AC09CA02BC97 /* iOS_DICOMViewerUITests.swift in Sources */,
			);
			runOnlyForDeploymentPostprocessing = 0;
		};
/* End PBXSourcesBuildPhase section */

/* Begin PBXTargetDependency section */
		05D2300A7DD000CB59B68E22 /* PBXTargetDependency */ = {
			isa = PBXTargetDependency;
			target = 987724AF3F870424D854CDF5 /* iOS_DICOMViewer */;
			targetProxy = 9BE239959D6100A5F720943A /* PBXContainerItemProxy */;
		};
		70350429BCEF6798AF6393DF /* PBXTargetDependency */ = {
			isa = PBXTargetDependency;
			target = 987724AF3F870424D854CDF5 /* iOS_DICOMViewer */;
			targetProxy = 069D0BB090CAD6753D2B91FD /* PBXContainerItemProxy */;
		};
/* End PBXTargetDependency section */

/* Begin XCBuildConfiguration section */
		0E0EE32AC3145FB4C1D66328 /* Release */ = {
			isa = XCBuildConfiguration;
			buildSettings = {
				BUNDLE_LOADER = "$(TEST_HOST)";
				LD_RUNPATH_SEARCH_PATHS = (
					"$(inherited)",
					"@executable_path/Frameworks",
					"@loader_path/Frameworks",
				);
				PRODUCT_BUNDLE_IDENTIFIER = "com.dicomviewer.iOS-DICOMViewerTests";
				SDKROOT = iphoneos;
				TARGETED_DEVICE_FAMILY = "1,2";
				TEST_HOST = "$(BUILT_PRODUCTS_DIR)/iOS_DICOMViewer.app/iOS_DICOMViewer";
			};
			name = Release;
		};
		360503E2582879B03993B256 /* Release */ = {
			isa = XCBuildConfiguration;
			buildSettings = {
				ASSETCATALOG_COMPILER_APPICON_NAME = AppIcon;
				CLANG_CXX_LANGUAGE_STANDARD = "gnu++20";
				CLANG_ENABLE_MODULES = YES;
				CLANG_ENABLE_OBJC_ARC = YES;
				CODE_SIGN_IDENTITY = "iPhone Developer";
				DEVELOPMENT_TEAM = 7CQCP8DTHJ;
				FRAMEWORK_SEARCH_PATHS = (
					"$(inherited)",
					"\".\"",
				);
				HEADER_SEARCH_PATHS = "$(PROJECT_DIR)/iOS_DICOMViewer/Frameworks/DCMTK/include";
				INFOPLIST_FILE = iOS_DICOMViewer/Info.plist;
				IPHONEOS_DEPLOYMENT_TARGET = 18.0;
				LD_RUNPATH_SEARCH_PATHS = (
					"$(inherited)",
					"@executable_path/Frameworks",
				);
				LIBRARY_SEARCH_PATHS = "$(PROJECT_DIR)/iOS_DICOMViewer/Frameworks/DCMTK/lib";
				MTL_ENABLE_DEBUG_INFO = INCLUDE_SOURCE;
				MTL_FAST_MATH = YES;
				PRODUCT_BUNDLE_IDENTIFIER = "com.dicomviewer.iOS-DICOMViewer";
				SDKROOT = iphoneos;
				SWIFT_OBJC_BRIDGING_HEADER = "iOS_DICOMViewer-Bridging-Header.h";
				SWIFT_VERSION = 5.0;
				TARGETED_DEVICE_FAMILY = "1,2";
			};
			name = Release;
		};
		4323B6BCFE53E28FCD130D72 /* Debug */ = {
			isa = XCBuildConfiguration;
			buildSettings = {
				BUNDLE_LOADER = "$(TEST_HOST)";
				LD_RUNPATH_SEARCH_PATHS = (
					"$(inherited)",
					"@executable_path/Frameworks",
					"@loader_path/Frameworks",
				);
				PRODUCT_BUNDLE_IDENTIFIER = "com.dicomviewer.iOS-DICOMViewerUITests";
				SDKROOT = iphoneos;
				TARGETED_DEVICE_FAMILY = "1,2";
				TEST_TARGET_NAME = iOS_DICOMViewer;
			};
			name = Debug;
		};
		6C5D733A6D9DEB58697DD224 /* Debug */ = {
			isa = XCBuildConfiguration;
			buildSettings = {
				BUNDLE_LOADER = "$(TEST_HOST)";
				LD_RUNPATH_SEARCH_PATHS = (
					"$(inherited)",
					"@executable_path/Frameworks",
					"@loader_path/Frameworks",
				);
				PRODUCT_BUNDLE_IDENTIFIER = "com.dicomviewer.iOS-DICOMViewerTests";
				SDKROOT = iphoneos;
				TARGETED_DEVICE_FAMILY = "1,2";
				TEST_HOST = "$(BUILT_PRODUCTS_DIR)/iOS_DICOMViewer.app/iOS_DICOMViewer";
			};
			name = Debug;
		};
		723C5A375B4F558BD8424062 /* Debug */ = {
			isa = XCBuildConfiguration;
			buildSettings = {
				ALWAYS_SEARCH_USER_PATHS = NO;
				CLANG_ANALYZER_NONNULL = YES;
				CLANG_ANALYZER_NUMBER_OBJECT_CONVERSION = YES_AGGRESSIVE;
				CLANG_CXX_LANGUAGE_STANDARD = "gnu++14";
				CLANG_CXX_LIBRARY = "libc++";
				CLANG_ENABLE_MODULES = YES;
				CLANG_ENABLE_OBJC_ARC = YES;
				CLANG_ENABLE_OBJC_WEAK = YES;
				CLANG_WARN_BLOCK_CAPTURE_AUTORELEASING = YES;
				CLANG_WARN_BOOL_CONVERSION = YES;
				CLANG_WARN_COMMA = YES;
				CLANG_WARN_CONSTANT_CONVERSION = YES;
				CLANG_WARN_DEPRECATED_OBJC_IMPLEMENTATIONS = YES;
				CLANG_WARN_DIRECT_OBJC_ISA_USAGE = YES_ERROR;
				CLANG_WARN_DOCUMENTATION_COMMENTS = YES;
				CLANG_WARN_EMPTY_BODY = YES;
				CLANG_WARN_ENUM_CONVERSION = YES;
				CLANG_WARN_INFINITE_RECURSION = YES;
				CLANG_WARN_INT_CONVERSION = YES;
				CLANG_WARN_NON_LITERAL_NULL_CONVERSION = YES;
				CLANG_WARN_OBJC_IMPLICIT_RETAIN_SELF = YES;
				CLANG_WARN_OBJC_LITERAL_CONVERSION = YES;
				CLANG_WARN_OBJC_ROOT_CLASS = YES_ERROR;
				CLANG_WARN_QUOTED_INCLUDE_IN_FRAMEWORK_HEADER = YES;
				CLANG_WARN_RANGE_LOOP_ANALYSIS = YES;
				CLANG_WARN_STRICT_PROTOTYPES = YES;
				CLANG_WARN_SUSPICIOUS_MOVE = YES;
				CLANG_WARN_UNGUARDED_AVAILABILITY = YES_AGGRESSIVE;
				CLANG_WARN_UNREACHABLE_CODE = YES;
				CLANG_WARN__DUPLICATE_METHOD_MATCH = YES;
				COPY_PHASE_STRIP = NO;
				DEBUG_INFORMATION_FORMAT = dwarf;
				ENABLE_STRICT_OBJC_MSGSEND = YES;
				ENABLE_TESTABILITY = YES;
				GCC_C_LANGUAGE_STANDARD = gnu11;
				GCC_DYNAMIC_NO_PIC = NO;
				GCC_NO_COMMON_BLOCKS = YES;
				GCC_OPTIMIZATION_LEVEL = 0;
				GCC_PREPROCESSOR_DEFINITIONS = (
					"$(inherited)",
					"DEBUG=1",
				);
				GCC_WARN_64_TO_32_BIT_CONVERSION = YES;
				GCC_WARN_ABOUT_RETURN_TYPE = YES_ERROR;
				GCC_WARN_UNDECLARED_SELECTOR = YES;
				GCC_WARN_UNINITIALIZED_AUTOS = YES_AGGRESSIVE;
				GCC_WARN_UNUSED_FUNCTION = YES;
				GCC_WARN_UNUSED_VARIABLE = YES;
				IPHONEOS_DEPLOYMENT_TARGET = 18.0;
				MTL_ENABLE_DEBUG_INFO = INCLUDE_SOURCE;
				MTL_FAST_MATH = YES;
				ONLY_ACTIVE_ARCH = YES;
				PRODUCT_NAME = "$(TARGET_NAME)";
				SDKROOT = iphoneos;
				SWIFT_ACTIVE_COMPILATION_CONDITIONS = DEBUG;
				SWIFT_OPTIMIZATION_LEVEL = "-Onone";
				SWIFT_VERSION = 5.0;
			};
			name = Debug;
		};
		BA9C3A32D55D240070A64E3E /* Release */ = {
			isa = XCBuildConfiguration;
			buildSettings = {
				ALWAYS_SEARCH_USER_PATHS = NO;
				CLANG_ANALYZER_NONNULL = YES;
				CLANG_ANALYZER_NUMBER_OBJECT_CONVERSION = YES_AGGRESSIVE;
				CLANG_CXX_LANGUAGE_STANDARD = "gnu++14";
				CLANG_CXX_LIBRARY = "libc++";
				CLANG_ENABLE_MODULES = YES;
				CLANG_ENABLE_OBJC_ARC = YES;
				CLANG_ENABLE_OBJC_WEAK = YES;
				CLANG_WARN_BLOCK_CAPTURE_AUTORELEASING = YES;
				CLANG_WARN_BOOL_CONVERSION = YES;
				CLANG_WARN_COMMA = YES;
				CLANG_WARN_CONSTANT_CONVERSION = YES;
				CLANG_WARN_DEPRECATED_OBJC_IMPLEMENTATIONS = YES;
				CLANG_WARN_DIRECT_OBJC_ISA_USAGE = YES_ERROR;
				CLANG_WARN_DOCUMENTATION_COMMENTS = YES;
				CLANG_WARN_EMPTY_BODY = YES;
				CLANG_WARN_ENUM_CONVERSION = YES;
				CLANG_WARN_INFINITE_RECURSION = YES;
				CLANG_WARN_INT_CONVERSION = YES;
				CLANG_WARN_NON_LITERAL_NULL_CONVERSION = YES;
				CLANG_WARN_OBJC_IMPLICIT_RETAIN_SELF = YES;
				CLANG_WARN_OBJC_LITERAL_CONVERSION = YES;
				CLANG_WARN_OBJC_ROOT_CLASS = YES_ERROR;
				CLANG_WARN_QUOTED_INCLUDE_IN_FRAMEWORK_HEADER = YES;
				CLANG_WARN_RANGE_LOOP_ANALYSIS = YES;
				CLANG_WARN_STRICT_PROTOTYPES = YES;
				CLANG_WARN_SUSPICIOUS_MOVE = YES;
				CLANG_WARN_UNGUARDED_AVAILABILITY = YES_AGGRESSIVE;
				CLANG_WARN_UNREACHABLE_CODE = YES;
				CLANG_WARN__DUPLICATE_METHOD_MATCH = YES;
				COPY_PHASE_STRIP = NO;
				DEBUG_INFORMATION_FORMAT = "dwarf-with-dsym";
				ENABLE_NS_ASSERTIONS = NO;
				ENABLE_STRICT_OBJC_MSGSEND = YES;
				GCC_C_LANGUAGE_STANDARD = gnu11;
				GCC_NO_COMMON_BLOCKS = YES;
				GCC_WARN_64_TO_32_BIT_CONVERSION = YES;
				GCC_WARN_ABOUT_RETURN_TYPE = YES_ERROR;
				GCC_WARN_UNDECLARED_SELECTOR = YES;
				GCC_WARN_UNINITIALIZED_AUTOS = YES_AGGRESSIVE;
				GCC_WARN_UNUSED_FUNCTION = YES;
				GCC_WARN_UNUSED_VARIABLE = YES;
				IPHONEOS_DEPLOYMENT_TARGET = 18.0;
				MTL_ENABLE_DEBUG_INFO = NO;
				MTL_FAST_MATH = YES;
				PRODUCT_NAME = "$(TARGET_NAME)";
				SDKROOT = iphoneos;
				SWIFT_COMPILATION_MODE = wholemodule;
				SWIFT_OPTIMIZATION_LEVEL = "-O";
				SWIFT_VERSION = 5.0;
			};
			name = Release;
		};
		BFF27F075FAC01912CBCA507 /* Release */ = {
			isa = XCBuildConfiguration;
			buildSettings = {
				BUNDLE_LOADER = "$(TEST_HOST)";
				LD_RUNPATH_SEARCH_PATHS = (
					"$(inherited)",
					"@executable_path/Frameworks",
					"@loader_path/Frameworks",
				);
				PRODUCT_BUNDLE_IDENTIFIER = "com.dicomviewer.iOS-DICOMViewerUITests";
				SDKROOT = iphoneos;
				TARGETED_DEVICE_FAMILY = "1,2";
				TEST_TARGET_NAME = iOS_DICOMViewer;
			};
			name = Release;
		};
		EF08BF4C06238DF16D40A103 /* Debug */ = {
			isa = XCBuildConfiguration;
			buildSettings = {
				ASSETCATALOG_COMPILER_APPICON_NAME = AppIcon;
				CLANG_CXX_LANGUAGE_STANDARD = "gnu++20";
				CLANG_ENABLE_MODULES = YES;
				CLANG_ENABLE_OBJC_ARC = YES;
				CODE_SIGN_IDENTITY = "iPhone Developer";
				DEVELOPMENT_TEAM = 7CQCP8DTHJ;
				FRAMEWORK_SEARCH_PATHS = (
					"$(inherited)",
					"\".\"",
				);
				HEADER_SEARCH_PATHS = "$(PROJECT_DIR)/iOS_DICOMViewer/Frameworks/DCMTK/include";
				INFOPLIST_FILE = iOS_DICOMViewer/Info.plist;
				IPHONEOS_DEPLOYMENT_TARGET = 18.0;
				LD_RUNPATH_SEARCH_PATHS = (
					"$(inherited)",
					"@executable_path/Frameworks",
				);
				LIBRARY_SEARCH_PATHS = "$(PROJECT_DIR)/iOS_DICOMViewer/Frameworks/DCMTK/lib";
				MTL_ENABLE_DEBUG_INFO = INCLUDE_SOURCE;
				MTL_FAST_MATH = YES;
				PRODUCT_BUNDLE_IDENTIFIER = "com.dicomviewer.iOS-DICOMViewer";
				SDKROOT = iphoneos;
				SWIFT_OBJC_BRIDGING_HEADER = "iOS_DICOMViewer-Bridging-Header.h";
				SWIFT_VERSION = 5.0;
				TARGETED_DEVICE_FAMILY = "1,2";
			};
			name = Debug;
		};
/* End XCBuildConfiguration section */

/* Begin XCConfigurationList section */
		441B2ACF0F76A5C929CB3C31 /* Build configuration list for PBXProject "iOS_DICOMViewer" */ = {
			isa = XCConfigurationList;
			buildConfigurations = (
				723C5A375B4F558BD8424062 /* Debug */,
				BA9C3A32D55D240070A64E3E /* Release */,
			);
			defaultConfigurationIsVisible = 0;
			defaultConfigurationName = Debug;
		};
		BF13C9BC4015D11C6A0D57D1 /* Build configuration list for PBXNativeTarget "iOS_DICOMViewerTests" */ = {
			isa = XCConfigurationList;
			buildConfigurations = (
				6C5D733A6D9DEB58697DD224 /* Debug */,
				0E0EE32AC3145FB4C1D66328 /* Release */,
			);
			defaultConfigurationIsVisible = 0;
			defaultConfigurationName = Debug;
		};
		C9AC0EB3F3813EF2022A4D96 /* Build configuration list for PBXNativeTarget "iOS_DICOMViewer" */ = {
			isa = XCConfigurationList;
			buildConfigurations = (
				EF08BF4C06238DF16D40A103 /* Debug */,
				360503E2582879B03993B256 /* Release */,
			);
			defaultConfigurationIsVisible = 0;
			defaultConfigurationName = Debug;
		};
		FB8DD6714B349C85AC1B1735 /* Build configuration list for PBXNativeTarget "iOS_DICOMViewerUITests" */ = {
			isa = XCConfigurationList;
			buildConfigurations = (
				4323B6BCFE53E28FCD130D72 /* Debug */,
				BFF27F075FAC01912CBCA507 /* Release */,
			);
			defaultConfigurationIsVisible = 0;
			defaultConfigurationName = Debug;
		};
/* End XCConfigurationList section */
	};
	rootObject = EBD8249512CFE4B868C4314C /* Project object */;
}
